
Microsoft Visual Studio Solution File, Format Version 12.00
# Visual Studio Version 16
VisualStudioVersion = 16.0.32228.343
MinimumVisualStudioVersion = 10.0.40219.1
Project("{FAE04EC0-301F-11D3-BF4B-00C04F79EFBC}") = "MovieList", "MovieList\MovieList.csproj", "{FADC2E08-E727-4727-8259-DD6B3C521893}"
EndProject
Global
	GlobalSection(SolutionConfigurationPlatforms) = preSolution
		Debug|Any CPU = Debug|Any CPU
		Release|Any CPU = Release|Any CPU
	EndGlobalSection
	GlobalSection(ProjectConfigurationPlatforms) = postSolution
		{FADC2E08-E727-4727-8259-DD6B3C521893}.Debug|Any CPU.ActiveCfg = Debug|Any CPU
		{FADC2E08-E727-4727-8259-DD6B3C521893}.Debug|Any CPU.Build.0 = Debug|Any CPU
		{FADC2E08-E727-4727-8259-DD6B3C521893}.Release|Any CPU.ActiveCfg = Release|Any CPU
		{FADC2E08-E727-4727-8259-DD6B3C521893}.Release|Any CPU.Build.0 = Release|Any CPU
	EndGlobalSection
	GlobalSection(SolutionProperties) = preSolution
		HideSolutionNode = FALSE
	EndGlobalSection
	GlobalSection(ExtensibilityGlobals) = postSolution
		SolutionGuid = {E0279E53-B3A1-4C19-AB25-63F440B80E3E}
	EndGlobalSection
EndGlobal
